
Microsoft Visual Studio Solution File, Format Version 12.00
# Visual Studio Version 17
VisualStudioVersion = 17.7.34024.191
MinimumVisualStudioVersion = 10.0.40219.1
Project("{FAE04EC0-301F-11D3-BF4B-00C04F79EFBC}") = "Asp.intro", "Asp.intro\Asp.intro.csproj", "{217D297F-B547-46F2-9A59-78BFC0289365}"
EndProject
Global
	GlobalSection(SolutionConfigurationPlatforms) = preSolution
		Debug|Any CPU = Debug|Any CPU
		Release|Any CPU = Release|Any CPU
	EndGlobalSection
	GlobalSection(ProjectConfigurationPlatforms) = postSolution
		{217D297F-B547-46F2-9A59-78BFC0289365}.Debug|Any CPU.ActiveCfg = Debug|Any CPU
		{217D297F-B547-46F2-9A59-78BFC0289365}.Debug|Any CPU.Build.0 = Debug|Any CPU
		{217D297F-B547-46F2-9A59-78BFC0289365}.Release|Any CPU.ActiveCfg = Release|Any CPU
		{217D297F-B547-46F2-9A59-78BFC0289365}.Release|Any CPU.Build.0 = Release|Any CPU
	EndGlobalSection
	GlobalSection(SolutionProperties) = preSolution
		HideSolutionNode = FALSE
	EndGlobalSection
	GlobalSection(ExtensibilityGlobals) = postSolution
		SolutionGuid = {631476DF-BAB4-4CDA-968A-9203B7D66E5E}
	EndGlobalSection
EndGlobal
